
Microsoft Visual Studio Solution File, Format Version 12.00
# Visual Studio Version 17
VisualStudioVersion = 17.8.34330.188
MinimumVisualStudioVersion = 10.0.40219.1
Project("{FAE04EC0-301F-11D3-BF4B-00C04F79EFBC}") = "Practicas", "Practicas\Practicas.csproj", "{020371F3-AF6F-4F07-A420-FC3455B8EB7E}"
EndProject
Global
	GlobalSection(SolutionConfigurationPlatforms) = preSolution
		Debug|Any CPU = Debug|Any CPU
		Release|Any CPU = Release|Any CPU
	EndGlobalSection
	GlobalSection(ProjectConfigurationPlatforms) = postSolution
		{020371F3-AF6F-4F07-A420-FC3455B8EB7E}.Debug|Any CPU.ActiveCfg = Debug|Any CPU
		{020371F3-AF6F-4F07-A420-FC3455B8EB7E}.Debug|Any CPU.Build.0 = Debug|Any CPU
		{020371F3-AF6F-4F07-A420-FC3455B8EB7E}.Release|Any CPU.ActiveCfg = Release|Any CPU
		{020371F3-AF6F-4F07-A420-FC3455B8EB7E}.Release|Any CPU.Build.0 = Release|Any CPU
	EndGlobalSection
	GlobalSection(SolutionProperties) = preSolution
		HideSolutionNode = FALSE
	EndGlobalSection
	GlobalSection(ExtensibilityGlobals) = postSolution
		SolutionGuid = {4C33BA11-6DA2-41DC-9D03-593444BC8353}
	EndGlobalSection
EndGlobal
